
Microsoft Visual Studio Solution File, Format Version 12.00
# Visual Studio Version 16
VisualStudioVersion = 16.0.29613.14
MinimumVisualStudioVersion = 10.0.40219.1
Project("{2150E333-8FDC-42A3-9474-1A3956D46DE8}") = "01.Client", "01.Client", "{D291BE14-ADBC-4628-9A23-E8BBEB92F116}"
EndProject
Project("{2150E333-8FDC-42A3-9474-1A3956D46DE8}") = "02.Api", "02.Api", "{36465683-63D5-438C-96CE-0BA1DAAE9B50}"
EndProject
Project("{2150E333-8FDC-42A3-9474-1A3956D46DE8}") = "03.Service", "03.Service", "{94EB612C-503A-4D75-BFBA-F122829A7159}"
EndProject
Project("{2150E333-8FDC-42A3-9474-1A3956D46DE8}") = "04.Persistence", "04.Persistence", "{4ADDAA8A-E79A-4546-8064-2B8CE6809747}"
EndProject
Project("{2150E333-8FDC-42A3-9474-1A3956D46DE8}") = "05.Model", "05.Model", "{77844D22-F007-48C1-98C0-2A9B72C8C324}"
EndProject
Project("{FAE04EC0-301F-11D3-BF4B-00C04F79EFBC}") = "SPA.Client", "SRC\SPA.Client\SPA.Client.csproj", "{C2882BFB-4BB3-4049-AFC1-0C7639ABB74D}"
EndProject
Project("{FAE04EC0-301F-11D3-BF4B-00C04F79EFBC}") = "Core.Api", "SRC\Core.Api\Core.Api.csproj", "{42C0058A-6500-49A7-AAA7-E43A43DBD6F0}"
EndProject
Project("{FAE04EC0-301F-11D3-BF4B-00C04F79EFBC}") = "Service", "SRC\Service\Service.csproj", "{C2164ED5-0E2F-40F0-9F45-71D954E10CCC}"
EndProject
Project("{FAE04EC0-301F-11D3-BF4B-00C04F79EFBC}") = "Model.DTOs", "SRC\Model.DTOs\Model.DTOs.csproj", "{DC497C6F-0BCB-44CA-93CE-B2791E650989}"
EndProject
Project("{FAE04EC0-301F-11D3-BF4B-00C04F79EFBC}") = "Model", "SRC\Model\Model.csproj", "{2C250128-EB44-4E7D-8414-B0C29C3C748B}"
EndProject
Project("{FAE04EC0-301F-11D3-BF4B-00C04F79EFBC}") = "Persistence.Database", "SRC\Persistence.Database\Persistence.Database.csproj", "{43EF7FDF-2242-4772-A40F-D08D961A17A5}"
EndProject
Global
	GlobalSection(SolutionConfigurationPlatforms) = preSolution
		Debug|Any CPU = Debug|Any CPU
		Release|Any CPU = Release|Any CPU
	EndGlobalSection
	GlobalSection(ProjectConfigurationPlatforms) = postSolution
		{C2882BFB-4BB3-4049-AFC1-0C7639ABB74D}.Debug|Any CPU.ActiveCfg = Debug|Any CPU
		{C2882BFB-4BB3-4049-AFC1-0C7639ABB74D}.Debug|Any CPU.Build.0 = Debug|Any CPU
		{C2882BFB-4BB3-4049-AFC1-0C7639ABB74D}.Release|Any CPU.ActiveCfg = Release|Any CPU
		{C2882BFB-4BB3-4049-AFC1-0C7639ABB74D}.Release|Any CPU.Build.0 = Release|Any CPU
		{42C0058A-6500-49A7-AAA7-E43A43DBD6F0}.Debug|Any CPU.ActiveCfg = Debug|Any CPU
		{42C0058A-6500-49A7-AAA7-E43A43DBD6F0}.Debug|Any CPU.Build.0 = Debug|Any CPU
		{42C0058A-6500-49A7-AAA7-E43A43DBD6F0}.Release|Any CPU.ActiveCfg = Release|Any CPU
		{42C0058A-6500-49A7-AAA7-E43A43DBD6F0}.Release|Any CPU.Build.0 = Release|Any CPU
		{C2164ED5-0E2F-40F0-9F45-71D954E10CCC}.Debug|Any CPU.ActiveCfg = Debug|Any CPU
		{C2164ED5-0E2F-40F0-9F45-71D954E10CCC}.Debug|Any CPU.Build.0 = Debug|Any CPU
		{C2164ED5-0E2F-40F0-9F45-71D954E10CCC}.Release|Any CPU.ActiveCfg = Release|Any CPU
		{C2164ED5-0E2F-40F0-9F45-71D954E10CCC}.Release|Any CPU.Build.0 = Release|Any CPU
		{DC497C6F-0BCB-44CA-93CE-B2791E650989}.Debug|Any CPU.ActiveCfg = Debug|Any CPU
		{DC497C6F-0BCB-44CA-93CE-B2791E650989}.Debug|Any CPU.Build.0 = Debug|Any CPU
		{DC497C6F-0BCB-44CA-93CE-B2791E650989}.Release|Any CPU.ActiveCfg = Release|Any CPU
		{DC497C6F-0BCB-44CA-93CE-B2791E650989}.Release|Any CPU.Build.0 = Release|Any CPU
		{2C250128-EB44-4E7D-8414-B0C29C3C748B}.Debug|Any CPU.ActiveCfg = Debug|Any CPU
		{2C250128-EB44-4E7D-8414-B0C29C3C748B}.Debug|Any CPU.Build.0 = Debug|Any CPU
		{2C250128-EB44-4E7D-8414-B0C29C3C748B}.Release|Any CPU.ActiveCfg = Release|Any CPU
		{2C250128-EB44-4E7D-8414-B0C29C3C748B}.Release|Any CPU.Build.0 = Release|Any CPU
		{43EF7FDF-2242-4772-A40F-D08D961A17A5}.Debug|Any CPU.ActiveCfg = Debug|Any CPU
		{43EF7FDF-2242-4772-A40F-D08D961A17A5}.Debug|Any CPU.Build.0 = Debug|Any CPU
		{43EF7FDF-2242-4772-A40F-D08D961A17A5}.Release|Any CPU.ActiveCfg = Release|Any CPU
		{43EF7FDF-2242-4772-A40F-D08D961A17A5}.Release|Any CPU.Build.0 = Release|Any CPU
	EndGlobalSection
	GlobalSection(SolutionProperties) = preSolution
		HideSolutionNode = FALSE
	EndGlobalSection
	GlobalSection(NestedProjects) = preSolution
		{C2882BFB-4BB3-4049-AFC1-0C7639ABB74D} = {D291BE14-ADBC-4628-9A23-E8BBEB92F116}
		{42C0058A-6500-49A7-AAA7-E43A43DBD6F0} = {36465683-63D5-438C-96CE-0BA1DAAE9B50}
		{C2164ED5-0E2F-40F0-9F45-71D954E10CCC} = {94EB612C-503A-4D75-BFBA-F122829A7159}
		{DC497C6F-0BCB-44CA-93CE-B2791E650989} = {77844D22-F007-48C1-98C0-2A9B72C8C324}
		{2C250128-EB44-4E7D-8414-B0C29C3C748B} = {77844D22-F007-48C1-98C0-2A9B72C8C324}
		{43EF7FDF-2242-4772-A40F-D08D961A17A5} = {4ADDAA8A-E79A-4546-8064-2B8CE6809747}
	EndGlobalSection
	GlobalSection(ExtensibilityGlobals) = postSolution
		SolutionGuid = {61BB8A9A-F81F-4EB2-A369-DA865694A918}
	EndGlobalSection
EndGlobal
